
Microsoft Visual Studio Solution File, Format Version 12.00
# Visual Studio Version 17
VisualStudioVersion = 17.0.31903.59
MinimumVisualStudioVersion = 10.0.40219.1
Project("{2150E333-8FDC-42A3-9474-1A3956D46DE8}") = "src", "src", "{379D848E-2BDC-44E5-BA16-E33D0284F87D}"
EndProject
Project("{2150E333-8FDC-42A3-9474-1A3956D46DE8}") = "services", "services", "{BE56ADBB-E166-4879-8867-5D2926411213}"
EndProject
Project("{FAE04EC0-301F-11D3-BF4B-00C04F79EFBC}") = "Paddi.DemoUsages.ApiDemo", "src\services\Paddi.DemoUsages.ApiDemo\Paddi.DemoUsages.ApiDemo.csproj", "{4E48206A-DC3F-48BE-AAEF-747B655741B3}"
EndProject
Project("{FAE04EC0-301F-11D3-BF4B-00C04F79EFBC}") = "Paddi.DemoUsages.ConsoleDemo", "src\services\Paddi.DemoUsages.ConsoleDemo\Paddi.DemoUsages.ConsoleDemo.csproj", "{0277B03E-EF49-4350-A59A-29F94693082F}"
EndProject
Global
	GlobalSection(SolutionConfigurationPlatforms) = preSolution
		Debug|Any CPU = Debug|Any CPU
		Release|Any CPU = Release|Any CPU
	EndGlobalSection
	GlobalSection(SolutionProperties) = preSolution
		HideSolutionNode = FALSE
	EndGlobalSection
	GlobalSection(ProjectConfigurationPlatforms) = postSolution
		{4E48206A-DC3F-48BE-AAEF-747B655741B3}.Debug|Any CPU.ActiveCfg = Debug|Any CPU
		{4E48206A-DC3F-48BE-AAEF-747B655741B3}.Debug|Any CPU.Build.0 = Debug|Any CPU
		{4E48206A-DC3F-48BE-AAEF-747B655741B3}.Release|Any CPU.ActiveCfg = Release|Any CPU
		{4E48206A-DC3F-48BE-AAEF-747B655741B3}.Release|Any CPU.Build.0 = Release|Any CPU
		{0277B03E-EF49-4350-A59A-29F94693082F}.Debug|Any CPU.ActiveCfg = Debug|Any CPU
		{0277B03E-EF49-4350-A59A-29F94693082F}.Debug|Any CPU.Build.0 = Debug|Any CPU
		{0277B03E-EF49-4350-A59A-29F94693082F}.Release|Any CPU.ActiveCfg = Release|Any CPU
		{0277B03E-EF49-4350-A59A-29F94693082F}.Release|Any CPU.Build.0 = Release|Any CPU
	EndGlobalSection
	GlobalSection(NestedProjects) = preSolution
		{BE56ADBB-E166-4879-8867-5D2926411213} = {379D848E-2BDC-44E5-BA16-E33D0284F87D}
		{4E48206A-DC3F-48BE-AAEF-747B655741B3} = {BE56ADBB-E166-4879-8867-5D2926411213}
		{0277B03E-EF49-4350-A59A-29F94693082F} = {BE56ADBB-E166-4879-8867-5D2926411213}
	EndGlobalSection
EndGlobal
